
Microsoft Visual Studio Solution File, Format Version 12.00
# Visual Studio Version 16
VisualStudioVersion = 16.0.30517.126
MinimumVisualStudioVersion = 10.0.40219.1
Project("{9A19103F-16F7-4668-BE54-9A1E7A4F7556}") = "TennisClub.API", "TennisClub.API\TennisClub.API.csproj", "{AEA68AD3-E402-4897-864E-FDD4E387148B}"
EndProject
Project("{9A19103F-16F7-4668-BE54-9A1E7A4F7556}") = "TennisClub.UI", "TennisClub.UI\TennisClub.UI.csproj", "{3AAF4906-1417-4F2E-A985-6D72A2AB117A}"
EndProject
Project("{9A19103F-16F7-4668-BE54-9A1E7A4F7556}") = "TennisClub.BL", "TennisClub.BL\TennisClub.BL.csproj", "{79254F89-74F9-4EE3-883C-A020C133F587}"
EndProject
Project("{9A19103F-16F7-4668-BE54-9A1E7A4F7556}") = "TennisClub.Common", "TennisClub.Common\TennisClub.Common.csproj", "{84E0D9B1-A5A8-4610-8546-2D00003DF20A}"
EndProject
Project("{9A19103F-16F7-4668-BE54-9A1E7A4F7556}") = "TennisClub.DAL", "TennisClub.DAL\TennisClub.DAL.csproj", "{4CDEBEC4-9FEE-44AD-8EEA-A17470CEFB64}"
EndProject
Global
	GlobalSection(SolutionConfigurationPlatforms) = preSolution
		Debug|Any CPU = Debug|Any CPU
		Release|Any CPU = Release|Any CPU
	EndGlobalSection
	GlobalSection(ProjectConfigurationPlatforms) = postSolution
		{AEA68AD3-E402-4897-864E-FDD4E387148B}.Debug|Any CPU.ActiveCfg = Debug|Any CPU
		{AEA68AD3-E402-4897-864E-FDD4E387148B}.Debug|Any CPU.Build.0 = Debug|Any CPU
		{AEA68AD3-E402-4897-864E-FDD4E387148B}.Release|Any CPU.ActiveCfg = Release|Any CPU
		{AEA68AD3-E402-4897-864E-FDD4E387148B}.Release|Any CPU.Build.0 = Release|Any CPU
		{3AAF4906-1417-4F2E-A985-6D72A2AB117A}.Debug|Any CPU.ActiveCfg = Debug|Any CPU
		{3AAF4906-1417-4F2E-A985-6D72A2AB117A}.Debug|Any CPU.Build.0 = Debug|Any CPU
		{3AAF4906-1417-4F2E-A985-6D72A2AB117A}.Release|Any CPU.ActiveCfg = Release|Any CPU
		{3AAF4906-1417-4F2E-A985-6D72A2AB117A}.Release|Any CPU.Build.0 = Release|Any CPU
		{79254F89-74F9-4EE3-883C-A020C133F587}.Debug|Any CPU.ActiveCfg = Debug|Any CPU
		{79254F89-74F9-4EE3-883C-A020C133F587}.Debug|Any CPU.Build.0 = Debug|Any CPU
		{79254F89-74F9-4EE3-883C-A020C133F587}.Release|Any CPU.ActiveCfg = Release|Any CPU
		{79254F89-74F9-4EE3-883C-A020C133F587}.Release|Any CPU.Build.0 = Release|Any CPU
		{84E0D9B1-A5A8-4610-8546-2D00003DF20A}.Debug|Any CPU.ActiveCfg = Debug|Any CPU
		{84E0D9B1-A5A8-4610-8546-2D00003DF20A}.Debug|Any CPU.Build.0 = Debug|Any CPU
		{84E0D9B1-A5A8-4610-8546-2D00003DF20A}.Release|Any CPU.ActiveCfg = Release|Any CPU
		{84E0D9B1-A5A8-4610-8546-2D00003DF20A}.Release|Any CPU.Build.0 = Release|Any CPU
		{4CDEBEC4-9FEE-44AD-8EEA-A17470CEFB64}.Debug|Any CPU.ActiveCfg = Debug|Any CPU
		{4CDEBEC4-9FEE-44AD-8EEA-A17470CEFB64}.Debug|Any CPU.Build.0 = Debug|Any CPU
		{4CDEBEC4-9FEE-44AD-8EEA-A17470CEFB64}.Release|Any CPU.ActiveCfg = Release|Any CPU
		{4CDEBEC4-9FEE-44AD-8EEA-A17470CEFB64}.Release|Any CPU.Build.0 = Release|Any CPU
	EndGlobalSection
	GlobalSection(SolutionProperties) = preSolution
		HideSolutionNode = FALSE
	EndGlobalSection
	GlobalSection(ExtensibilityGlobals) = postSolution
		SolutionGuid = {259E5D55-0E9B-4CE8-98C4-71CFDC5A8E7A}
	EndGlobalSection
EndGlobal
